
Microsoft Visual Studio Solution File, Format Version 12.00
# Visual Studio Version 16
VisualStudioVersion = 16.0.30503.244
MinimumVisualStudioVersion = 10.0.40219.1
Project("{9A19103F-16F7-4668-BE54-9A1E7A4F7556}") = "CAFFShop.Api", "CAFFShop.Api\CAFFShop.Api.csproj", "{4CAE5C9A-47E9-40B2-A7B3-B163002C1A72}"
EndProject
Project("{9A19103F-16F7-4668-BE54-9A1E7A4F7556}") = "CAFFShop.Application", "CAFFShop.Application\CAFFShop.Application.csproj", "{1C361199-17A6-417B-ABC9-B04554D0E9E1}"
EndProject
Project("{9A19103F-16F7-4668-BE54-9A1E7A4F7556}") = "CAFFShop.Dal", "CAFFShop.Dal\CAFFShop.Dal.csproj", "{67E00B42-7CC1-4EB4-B049-8CA17CCFC853}"
EndProject
Project("{FAE04EC0-301F-11D3-BF4B-00C04F79EFBC}") = "CAFFShop.Tests", "CAFFShop.Tests\CAFFShop.Tests.csproj", "{A3F461B7-C13F-49B4-B09D-11664C9E5815}"
EndProject
Global
	GlobalSection(SolutionConfigurationPlatforms) = preSolution
		Debug|Any CPU = Debug|Any CPU
		Release|Any CPU = Release|Any CPU
	EndGlobalSection
	GlobalSection(ProjectConfigurationPlatforms) = postSolution
		{4CAE5C9A-47E9-40B2-A7B3-B163002C1A72}.Debug|Any CPU.ActiveCfg = Debug|Any CPU
		{4CAE5C9A-47E9-40B2-A7B3-B163002C1A72}.Debug|Any CPU.Build.0 = Debug|Any CPU
		{4CAE5C9A-47E9-40B2-A7B3-B163002C1A72}.Release|Any CPU.ActiveCfg = Release|Any CPU
		{4CAE5C9A-47E9-40B2-A7B3-B163002C1A72}.Release|Any CPU.Build.0 = Release|Any CPU
		{1C361199-17A6-417B-ABC9-B04554D0E9E1}.Debug|Any CPU.ActiveCfg = Debug|Any CPU
		{1C361199-17A6-417B-ABC9-B04554D0E9E1}.Debug|Any CPU.Build.0 = Debug|Any CPU
		{1C361199-17A6-417B-ABC9-B04554D0E9E1}.Release|Any CPU.ActiveCfg = Release|Any CPU
		{1C361199-17A6-417B-ABC9-B04554D0E9E1}.Release|Any CPU.Build.0 = Release|Any CPU
		{67E00B42-7CC1-4EB4-B049-8CA17CCFC853}.Debug|Any CPU.ActiveCfg = Debug|Any CPU
		{67E00B42-7CC1-4EB4-B049-8CA17CCFC853}.Debug|Any CPU.Build.0 = Debug|Any CPU
		{67E00B42-7CC1-4EB4-B049-8CA17CCFC853}.Release|Any CPU.ActiveCfg = Release|Any CPU
		{67E00B42-7CC1-4EB4-B049-8CA17CCFC853}.Release|Any CPU.Build.0 = Release|Any CPU
		{A3F461B7-C13F-49B4-B09D-11664C9E5815}.Debug|Any CPU.ActiveCfg = Debug|Any CPU
		{A3F461B7-C13F-49B4-B09D-11664C9E5815}.Debug|Any CPU.Build.0 = Debug|Any CPU
		{A3F461B7-C13F-49B4-B09D-11664C9E5815}.Release|Any CPU.ActiveCfg = Release|Any CPU
		{A3F461B7-C13F-49B4-B09D-11664C9E5815}.Release|Any CPU.Build.0 = Release|Any CPU
	EndGlobalSection
	GlobalSection(SolutionProperties) = preSolution
		HideSolutionNode = FALSE
	EndGlobalSection
	GlobalSection(ExtensibilityGlobals) = postSolution
		SolutionGuid = {4AFFC38E-EED5-48B4-BA36-2BBB96A8AFBC}
	EndGlobalSection
EndGlobal
